// !$*UTF8*$!
{
	archiveVersion = 1;
	classes = {
	};
	objectVersion = 56;
	objects = {

/* Begin PBXBuildFile section */
		D7163D3A2C6BB63B002FFC77 /* SwiftUI_MasteryApp.swift in Sources */ = {isa = PBXBuildFile; fileRef = D7163D392C6BB63B002FFC77 /* SwiftUI_MasteryApp.swift */; };
		D7163D3C2C6BB63B002FFC77 /* ContentView.swift in Sources */ = {isa = PBXBuildFile; fileRef = D7163D3B2C6BB63B002FFC77 /* ContentView.swift */; };
		D7163D3E2C6BB63C002FFC77 /* Assets.xcassets in Resources */ = {isa = PBXBuildFile; fileRef = D7163D3D2C6BB63C002FFC77 /* Assets.xcassets */; };
		D7163D412C6BB63C002FFC77 /* Preview Assets.xcassets in Resources */ = {isa = PBXBuildFile; fileRef = D7163D402C6BB63C002FFC77 /* Preview Assets.xcassets */; };
		D7163D482C6BBD0C002FFC77 /* TextPractice.swift in Sources */ = {isa = PBXBuildFile; fileRef = D7163D472C6BBD0C002FFC77 /* TextPractice.swift */; };
		D7163D4A2C6BC073002FFC77 /* ShapePractice.swift in Sources */ = {isa = PBXBuildFile; fileRef = D7163D492C6BC073002FFC77 /* ShapePractice.swift */; };
		D7163D4C2C6BC4B6002FFC77 /* ColorsPractice.swift in Sources */ = {isa = PBXBuildFile; fileRef = D7163D4B2C6BC4B6002FFC77 /* ColorsPractice.swift */; };
		D7163D4E2C6BC59C002FFC77 /* Colors.xcassets in Resources */ = {isa = PBXBuildFile; fileRef = D7163D4D2C6BC59C002FFC77 /* Colors.xcassets */; };
		D7163D502C6BC702002FFC77 /* GradientPractice.swift in Sources */ = {isa = PBXBuildFile; fileRef = D7163D4F2C6BC702002FFC77 /* GradientPractice.swift */; };
		D7163D522C6BCB9D002FFC77 /* IconsPractice.swift in Sources */ = {isa = PBXBuildFile; fileRef = D7163D512C6BCB9D002FFC77 /* IconsPractice.swift */; };
		D74CCB812C6D105200D37505 /* ForEach_LoopPractice.swift in Sources */ = {isa = PBXBuildFile; fileRef = D74CCB802C6D105200D37505 /* ForEach_LoopPractice.swift */; };
		D74CCB832C6D151B00D37505 /* ScrollViewPractice.swift in Sources */ = {isa = PBXBuildFile; fileRef = D74CCB822C6D151B00D37505 /* ScrollViewPractice.swift */; };
		D754ECCE2C6E567A006634CE /* GridPractice.swift in Sources */ = {isa = PBXBuildFile; fileRef = D754ECCD2C6E567A006634CE /* GridPractice.swift */; };
		D7B14E632C6CCF12009ADE46 /* ImagePractice.swift in Sources */ = {isa = PBXBuildFile; fileRef = D7B14E622C6CCF12009ADE46 /* ImagePractice.swift */; };
		D7B14E652C6CD311009ADE46 /* FramePractice.swift in Sources */ = {isa = PBXBuildFile; fileRef = D7B14E642C6CD311009ADE46 /* FramePractice.swift */; };
		D7E12F302C6CE24200B132F5 /* Background_AND_OverlayPractice.swift in Sources */ = {isa = PBXBuildFile; fileRef = D7E12F2F2C6CE24200B132F5 /* Background_AND_OverlayPractice.swift */; };
		D7E12F322C6CE94200B132F5 /* StacksPractice.swift in Sources */ = {isa = PBXBuildFile; fileRef = D7E12F312C6CE94200B132F5 /* StacksPractice.swift */; };
		D7E12F342C6CF9D600B132F5 /* Padding_SpacerPractice.swift in Sources */ = {isa = PBXBuildFile; fileRef = D7E12F332C6CF9D600B132F5 /* Padding_SpacerPractice.swift */; };
		D7E12F372C6D0BA800B132F5 /* InitializationPractice.swift in Sources */ = {isa = PBXBuildFile; fileRef = D7E12F352C6D088D00B132F5 /* InitializationPractice.swift */; };
/* End PBXBuildFile section */

/* Begin PBXFileReference section */
		D7163D362C6BB63B002FFC77 /* SwiftUI-Mastery.app */ = {isa = PBXFileReference; explicitFileType = wrapper.application; includeInIndex = 0; path = "SwiftUI-Mastery.app"; sourceTree = BUILT_PRODUCTS_DIR; };
		D7163D392C6BB63B002FFC77 /* SwiftUI_MasteryApp.swift */ = {isa = PBXFileReference; lastKnownFileType = sourcecode.swift; path = SwiftUI_MasteryApp.swift; sourceTree = "<group>"; };
		D7163D3B2C6BB63B002FFC77 /* ContentView.swift */ = {isa = PBXFileReference; lastKnownFileType = sourcecode.swift; path = ContentView.swift; sourceTree = "<group>"; };
		D7163D3D2C6BB63C002FFC77 /* Assets.xcassets */ = {isa = PBXFileReference; lastKnownFileType = folder.assetcatalog; path = Assets.xcassets; sourceTree = "<group>"; };
		D7163D402C6BB63C002FFC77 /* Preview Assets.xcassets */ = {isa = PBXFileReference; lastKnownFileType = folder.assetcatalog; path = "Preview Assets.xcassets"; sourceTree = "<group>"; };
		D7163D472C6BBD0C002FFC77 /* TextPractice.swift */ = {isa = PBXFileReference; lastKnownFileType = sourcecode.swift; path = TextPractice.swift; sourceTree = "<group>"; };
		D7163D492C6BC073002FFC77 /* ShapePractice.swift */ = {isa = PBXFileReference; lastKnownFileType = sourcecode.swift; path = ShapePractice.swift; sourceTree = "<group>"; };
		D7163D4B2C6BC4B6002FFC77 /* ColorsPractice.swift */ = {isa = PBXFileReference; lastKnownFileType = sourcecode.swift; path = ColorsPractice.swift; sourceTree = "<group>"; };
		D7163D4D2C6BC59C002FFC77 /* Colors.xcassets */ = {isa = PBXFileReference; lastKnownFileType = folder.assetcatalog; path = Colors.xcassets; sourceTree = "<group>"; };
		D7163D4F2C6BC702002FFC77 /* GradientPractice.swift */ = {isa = PBXFileReference; lastKnownFileType = sourcecode.swift; path = GradientPractice.swift; sourceTree = "<group>"; };
		D7163D512C6BCB9D002FFC77 /* IconsPractice.swift */ = {isa = PBXFileReference; lastKnownFileType = sourcecode.swift; path = IconsPractice.swift; sourceTree = "<group>"; };
		D74CCB802C6D105200D37505 /* ForEach_LoopPractice.swift */ = {isa = PBXFileReference; lastKnownFileType = sourcecode.swift; path = ForEach_LoopPractice.swift; sourceTree = "<group>"; };
		D74CCB822C6D151B00D37505 /* ScrollViewPractice.swift */ = {isa = PBXFileReference; lastKnownFileType = sourcecode.swift; path = ScrollViewPractice.swift; sourceTree = "<group>"; };
		D754ECCD2C6E567A006634CE /* GridPractice.swift */ = {isa = PBXFileReference; lastKnownFileType = sourcecode.swift; path = GridPractice.swift; sourceTree = "<group>"; };
		D7B14E622C6CCF12009ADE46 /* ImagePractice.swift */ = {isa = PBXFileReference; lastKnownFileType = sourcecode.swift; path = ImagePractice.swift; sourceTree = "<group>"; };
		D7B14E642C6CD311009ADE46 /* FramePractice.swift */ = {isa = PBXFileReference; lastKnownFileType = sourcecode.swift; path = FramePractice.swift; sourceTree = "<group>"; };
		D7E12F2F2C6CE24200B132F5 /* Background_AND_OverlayPractice.swift */ = {isa = PBXFileReference; lastKnownFileType = sourcecode.swift; path = Background_AND_OverlayPractice.swift; sourceTree = "<group>"; };
		D7E12F312C6CE94200B132F5 /* StacksPractice.swift */ = {isa = PBXFileReference; lastKnownFileType = sourcecode.swift; path = StacksPractice.swift; sourceTree = "<group>"; };
		D7E12F332C6CF9D600B132F5 /* Padding_SpacerPractice.swift */ = {isa = PBXFileReference; lastKnownFileType = sourcecode.swift; path = Padding_SpacerPractice.swift; sourceTree = "<group>"; };
		D7E12F352C6D088D00B132F5 /* InitializationPractice.swift */ = {isa = PBXFileReference; lastKnownFileType = sourcecode.swift; path = InitializationPractice.swift; sourceTree = "<group>"; };
/* End PBXFileReference section */

/* Begin PBXFrameworksBuildPhase section */
		D7163D332C6BB63B002FFC77 /* Frameworks */ = {
			isa = PBXFrameworksBuildPhase;
			buildActionMask = 2147483647;
			files = (
			);
			runOnlyForDeploymentPostprocessing = 0;
		};
/* End PBXFrameworksBuildPhase section */

/* Begin PBXGroup section */
		D7163D2D2C6BB63B002FFC77 = {
			isa = PBXGroup;
			children = (
				D7163D382C6BB63B002FFC77 /* SwiftUI-Mastery */,
				D7163D372C6BB63B002FFC77 /* Products */,
			);
			sourceTree = "<group>";
		};
		D7163D372C6BB63B002FFC77 /* Products */ = {
			isa = PBXGroup;
			children = (
				D7163D362C6BB63B002FFC77 /* SwiftUI-Mastery.app */,
			);
			name = Products;
			sourceTree = "<group>";
		};
		D7163D382C6BB63B002FFC77 /* SwiftUI-Mastery */ = {
			isa = PBXGroup;
			children = (
				D7163D392C6BB63B002FFC77 /* SwiftUI_MasteryApp.swift */,
				D7163D3B2C6BB63B002FFC77 /* ContentView.swift */,
				D7163D472C6BBD0C002FFC77 /* TextPractice.swift */,
				D7163D492C6BC073002FFC77 /* ShapePractice.swift */,
				D7163D4B2C6BC4B6002FFC77 /* ColorsPractice.swift */,
				D7163D4F2C6BC702002FFC77 /* GradientPractice.swift */,
				D7163D512C6BCB9D002FFC77 /* IconsPractice.swift */,
				D7B14E622C6CCF12009ADE46 /* ImagePractice.swift */,
				D7B14E642C6CD311009ADE46 /* FramePractice.swift */,
				D7E12F2F2C6CE24200B132F5 /* Background_AND_OverlayPractice.swift */,
				D7E12F312C6CE94200B132F5 /* StacksPractice.swift */,
				D7E12F332C6CF9D600B132F5 /* Padding_SpacerPractice.swift */,
				D7E12F352C6D088D00B132F5 /* InitializationPractice.swift */,
				D74CCB802C6D105200D37505 /* ForEach_LoopPractice.swift */,
				D74CCB822C6D151B00D37505 /* ScrollViewPractice.swift */,
				D754ECCD2C6E567A006634CE /* GridPractice.swift */,
				D7163D3D2C6BB63C002FFC77 /* Assets.xcassets */,
				D7163D4D2C6BC59C002FFC77 /* Colors.xcassets */,
				D7163D3F2C6BB63C002FFC77 /* Preview Content */,
			);
			path = "SwiftUI-Mastery";
			sourceTree = "<group>";
		};
		D7163D3F2C6BB63C002FFC77 /* Preview Content */ = {
			isa = PBXGroup;
			children = (
				D7163D402C6BB63C002FFC77 /* Preview Assets.xcassets */,
			);
			path = "Preview Content";
			sourceTree = "<group>";
		};
/* End PBXGroup section */

/* Begin PBXNativeTarget section */
		D7163D352C6BB63B002FFC77 /* SwiftUI-Mastery */ = {
			isa = PBXNativeTarget;
			buildConfigurationList = D7163D442C6BB63C002FFC77 /* Build configuration list for PBXNativeTarget "SwiftUI-Mastery" */;
			buildPhases = (
				D7163D322C6BB63B002FFC77 /* Sources */,
				D7163D332C6BB63B002FFC77 /* Frameworks */,
				D7163D342C6BB63B002FFC77 /* Resources */,
			);
			buildRules = (
			);
			dependencies = (
			);
			name = "SwiftUI-Mastery";
			productName = "SwiftUI-Mastery";
			productReference = D7163D362C6BB63B002FFC77 /* SwiftUI-Mastery.app */;
			productType = "com.apple.product-type.application";
		};
/* End PBXNativeTarget section */

/* Begin PBXProject section */
		D7163D2E2C6BB63B002FFC77 /* Project object */ = {
			isa = PBXProject;
			attributes = {
				BuildIndependentTargetsInParallel = 1;
				LastSwiftUpdateCheck = 1540;
				LastUpgradeCheck = 1540;
				TargetAttributes = {
					D7163D352C6BB63B002FFC77 = {
						CreatedOnToolsVersion = 15.4;
					};
				};
			};
			buildConfigurationList = D7163D312C6BB63B002FFC77 /* Build configuration list for PBXProject "SwiftUI-Mastery" */;
			compatibilityVersion = "Xcode 14.0";
			developmentRegion = en;
			hasScannedForEncodings = 0;
			knownRegions = (
				en,
				Base,
			);
			mainGroup = D7163D2D2C6BB63B002FFC77;
			productRefGroup = D7163D372C6BB63B002FFC77 /* Products */;
			projectDirPath = "";
			projectRoot = "";
			targets = (
				D7163D352C6BB63B002FFC77 /* SwiftUI-Mastery */,
			);
		};
/* End PBXProject section */

/* Begin PBXResourcesBuildPhase section */
		D7163D342C6BB63B002FFC77 /* Resources */ = {
			isa = PBXResourcesBuildPhase;
			buildActionMask = 2147483647;
			files = (
				D7163D4E2C6BC59C002FFC77 /* Colors.xcassets in Resources */,
				D7163D412C6BB63C002FFC77 /* Preview Assets.xcassets in Resources */,
				D7163D3E2C6BB63C002FFC77 /* Assets.xcassets in Resources */,
			);
			runOnlyForDeploymentPostprocessing = 0;
		};
/* End PBXResourcesBuildPhase section */

/* Begin PBXSourcesBuildPhase section */
		D7163D322C6BB63B002FFC77 /* Sources */ = {
			isa = PBXSourcesBuildPhase;
			buildActionMask = 2147483647;
			files = (
				D7163D502C6BC702002FFC77 /* GradientPractice.swift in Sources */,
				D7E12F302C6CE24200B132F5 /* Background_AND_OverlayPractice.swift in Sources */,
				D7B14E652C6CD311009ADE46 /* FramePractice.swift in Sources */,
				D7163D3C2C6BB63B002FFC77 /* ContentView.swift in Sources */,
				D7163D3A2C6BB63B002FFC77 /* SwiftUI_MasteryApp.swift in Sources */,
				D7163D4A2C6BC073002FFC77 /* ShapePractice.swift in Sources */,
				D7E12F342C6CF9D600B132F5 /* Padding_SpacerPractice.swift in Sources */,
				D7B14E632C6CCF12009ADE46 /* ImagePractice.swift in Sources */,
				D74CCB832C6D151B00D37505 /* ScrollViewPractice.swift in Sources */,
				D7163D522C6BCB9D002FFC77 /* IconsPractice.swift in Sources */,
				D7E12F372C6D0BA800B132F5 /* InitializationPractice.swift in Sources */,
				D7163D4C2C6BC4B6002FFC77 /* ColorsPractice.swift in Sources */,
				D74CCB812C6D105200D37505 /* ForEach_LoopPractice.swift in Sources */,
				D7163D482C6BBD0C002FFC77 /* TextPractice.swift in Sources */,
				D754ECCE2C6E567A006634CE /* GridPractice.swift in Sources */,
				D7E12F322C6CE94200B132F5 /* StacksPractice.swift in Sources */,
			);
			runOnlyForDeploymentPostprocessing = 0;
		};
/* End PBXSourcesBuildPhase section */

/* Begin XCBuildConfiguration section */
		D7163D422C6BB63C002FFC77 /* Debug */ = {
			isa = XCBuildConfiguration;
			buildSettings = {
				ALWAYS_SEARCH_USER_PATHS = NO;
				ASSETCATALOG_COMPILER_GENERATE_SWIFT_ASSET_SYMBOL_EXTENSIONS = YES;
				CLANG_ANALYZER_NONNULL = YES;
				CLANG_ANALYZER_NUMBER_OBJECT_CONVERSION = YES_AGGRESSIVE;
				CLANG_CXX_LANGUAGE_STANDARD = "gnu++20";
				CLANG_ENABLE_MODULES = YES;
				CLANG_ENABLE_OBJC_ARC = YES;
				CLANG_ENABLE_OBJC_WEAK = YES;
				CLANG_WARN_BLOCK_CAPTURE_AUTORELEASING = YES;
				CLANG_WARN_BOOL_CONVERSION = YES;
				CLANG_WARN_COMMA = YES;
				CLANG_WARN_CONSTANT_CONVERSION = YES;
				CLANG_WARN_DEPRECATED_OBJC_IMPLEMENTATIONS = YES;
				CLANG_WARN_DIRECT_OBJC_ISA_USAGE = YES_ERROR;
				CLANG_WARN_DOCUMENTATION_COMMENTS = YES;
				CLANG_WARN_EMPTY_BODY = YES;
				CLANG_WARN_ENUM_CONVERSION = YES;
				CLANG_WARN_INFINITE_RECURSION = YES;
				CLANG_WARN_INT_CONVERSION = YES;
				CLANG_WARN_NON_LITERAL_NULL_CONVERSION = YES;
				CLANG_WARN_OBJC_IMPLICIT_RETAIN_SELF = YES;
				CLANG_WARN_OBJC_LITERAL_CONVERSION = YES;
				CLANG_WARN_OBJC_ROOT_CLASS = YES_ERROR;
				CLANG_WARN_QUOTED_INCLUDE_IN_FRAMEWORK_HEADER = YES;
				CLANG_WARN_RANGE_LOOP_ANALYSIS = YES;
				CLANG_WARN_STRICT_PROTOTYPES = YES;
				CLANG_WARN_SUSPICIOUS_MOVE = YES;
				CLANG_WARN_UNGUARDED_AVAILABILITY = YES_AGGRESSIVE;
				CLANG_WARN_UNREACHABLE_CODE = YES;
				CLANG_WARN__DUPLICATE_METHOD_MATCH = YES;
				COPY_PHASE_STRIP = NO;
				DEBUG_INFORMATION_FORMAT = dwarf;
				ENABLE_STRICT_OBJC_MSGSEND = YES;
				ENABLE_TESTABILITY = YES;
				ENABLE_USER_SCRIPT_SANDBOXING = YES;
				GCC_C_LANGUAGE_STANDARD = gnu17;
				GCC_DYNAMIC_NO_PIC = NO;
				GCC_NO_COMMON_BLOCKS = YES;
				GCC_OPTIMIZATION_LEVEL = 0;
				GCC_PREPROCESSOR_DEFINITIONS = (
					"DEBUG=1",
					"$(inherited)",
				);
				GCC_WARN_64_TO_32_BIT_CONVERSION = YES;
				GCC_WARN_ABOUT_RETURN_TYPE = YES_ERROR;
				GCC_WARN_UNDECLARED_SELECTOR = YES;
				GCC_WARN_UNINITIALIZED_AUTOS = YES_AGGRESSIVE;
				GCC_WARN_UNUSED_FUNCTION = YES;
				GCC_WARN_UNUSED_VARIABLE = YES;
				IPHONEOS_DEPLOYMENT_TARGET = 17.5;
				LOCALIZATION_PREFERS_STRING_CATALOGS = YES;
				MTL_ENABLE_DEBUG_INFO = INCLUDE_SOURCE;
				MTL_FAST_MATH = YES;
				ONLY_ACTIVE_ARCH = YES;
				SDKROOT = iphoneos;
				SWIFT_ACTIVE_COMPILATION_CONDITIONS = "DEBUG $(inherited)";
				SWIFT_OPTIMIZATION_LEVEL = "-Onone";
			};
			name = Debug;
		};
		D7163D432C6BB63C002FFC77 /* Release */ = {
			isa = XCBuildConfiguration;
			buildSettings = {
				ALWAYS_SEARCH_USER_PATHS = NO;
				ASSETCATALOG_COMPILER_GENERATE_SWIFT_ASSET_SYMBOL_EXTENSIONS = YES;
				CLANG_ANALYZER_NONNULL = YES;
				CLANG_ANALYZER_NUMBER_OBJECT_CONVERSION = YES_AGGRESSIVE;
				CLANG_CXX_LANGUAGE_STANDARD = "gnu++20";
				CLANG_ENABLE_MODULES = YES;
				CLANG_ENABLE_OBJC_ARC = YES;
				CLANG_ENABLE_OBJC_WEAK = YES;
				CLANG_WARN_BLOCK_CAPTURE_AUTORELEASING = YES;
				CLANG_WARN_BOOL_CONVERSION = YES;
				CLANG_WARN_COMMA = YES;
				CLANG_WARN_CONSTANT_CONVERSION = YES;
				CLANG_WARN_DEPRECATED_OBJC_IMPLEMENTATIONS = YES;
				CLANG_WARN_DIRECT_OBJC_ISA_USAGE = YES_ERROR;
				CLANG_WARN_DOCUMENTATION_COMMENTS = YES;
				CLANG_WARN_EMPTY_BODY = YES;
				CLANG_WARN_ENUM_CONVERSION = YES;
				CLANG_WARN_INFINITE_RECURSION = YES;
				CLANG_WARN_INT_CONVERSION = YES;
				CLANG_WARN_NON_LITERAL_NULL_CONVERSION = YES;
				CLANG_WARN_OBJC_IMPLICIT_RETAIN_SELF = YES;
				CLANG_WARN_OBJC_LITERAL_CONVERSION = YES;
				CLANG_WARN_OBJC_ROOT_CLASS = YES_ERROR;
				CLANG_WARN_QUOTED_INCLUDE_IN_FRAMEWORK_HEADER = YES;
				CLANG_WARN_RANGE_LOOP_ANALYSIS = YES;
				CLANG_WARN_STRICT_PROTOTYPES = YES;
				CLANG_WARN_SUSPICIOUS_MOVE = YES;
				CLANG_WARN_UNGUARDED_AVAILABILITY = YES_AGGRESSIVE;
				CLANG_WARN_UNREACHABLE_CODE = YES;
				CLANG_WARN__DUPLICATE_METHOD_MATCH = YES;
				COPY_PHASE_STRIP = NO;
				DEBUG_INFORMATION_FORMAT = "dwarf-with-dsym";
				ENABLE_NS_ASSERTIONS = NO;
				ENABLE_STRICT_OBJC_MSGSEND = YES;
				ENABLE_USER_SCRIPT_SANDBOXING = YES;
				GCC_C_LANGUAGE_STANDARD = gnu17;
				GCC_NO_COMMON_BLOCKS = YES;
				GCC_WARN_64_TO_32_BIT_CONVERSION = YES;
				GCC_WARN_ABOUT_RETURN_TYPE = YES_ERROR;
				GCC_WARN_UNDECLARED_SELECTOR = YES;
				GCC_WARN_UNINITIALIZED_AUTOS = YES_AGGRESSIVE;
				GCC_WARN_UNUSED_FUNCTION = YES;
				GCC_WARN_UNUSED_VARIABLE = YES;
				IPHONEOS_DEPLOYMENT_TARGET = 17.5;
				LOCALIZATION_PREFERS_STRING_CATALOGS = YES;
				MTL_ENABLE_DEBUG_INFO = NO;
				MTL_FAST_MATH = YES;
				SDKROOT = iphoneos;
				SWIFT_COMPILATION_MODE = wholemodule;
				VALIDATE_PRODUCT = YES;
			};
			name = Release;
		};
		D7163D452C6BB63C002FFC77 /* Debug */ = {
			isa = XCBuildConfiguration;
			buildSettings = {
				ASSETCATALOG_COMPILER_APPICON_NAME = AppIcon;
				ASSETCATALOG_COMPILER_GLOBAL_ACCENT_COLOR_NAME = AccentColor;
				CODE_SIGN_STYLE = Automatic;
				CURRENT_PROJECT_VERSION = 1;
				DEVELOPMENT_ASSET_PATHS = "\"SwiftUI-Mastery/Preview Content\"";
				DEVELOPMENT_TEAM = JJLT2B4CYC;
				ENABLE_PREVIEWS = YES;
				GENERATE_INFOPLIST_FILE = YES;
				INFOPLIST_KEY_UIApplicationSceneManifest_Generation = YES;
				INFOPLIST_KEY_UIApplicationSupportsIndirectInputEvents = YES;
				INFOPLIST_KEY_UILaunchScreen_Generation = YES;
				INFOPLIST_KEY_UISupportedInterfaceOrientations = UIInterfaceOrientationPortrait;
				LD_RUNPATH_SEARCH_PATHS = (
					"$(inherited)",
					"@executable_path/Frameworks",
				);
				MARKETING_VERSION = 1.0;
				PRODUCT_BUNDLE_IDENTIFIER = "ayazrafai90-gmail.com.SwiftUI-Mastery";
				PRODUCT_NAME = "$(TARGET_NAME)";
				SUPPORTED_PLATFORMS = "iphoneos iphonesimulator";
				SUPPORTS_MACCATALYST = NO;
				SUPPORTS_MAC_DESIGNED_FOR_IPHONE_IPAD = NO;
				SUPPORTS_XR_DESIGNED_FOR_IPHONE_IPAD = NO;
				SWIFT_EMIT_LOC_STRINGS = YES;
				SWIFT_VERSION = 5.0;
				TARGETED_DEVICE_FAMILY = 1;
			};
			name = Debug;
		};
		D7163D462C6BB63C002FFC77 /* Release */ = {
			isa = XCBuildConfiguration;
			buildSettings = {
				ASSETCATALOG_COMPILER_APPICON_NAME = AppIcon;
				ASSETCATALOG_COMPILER_GLOBAL_ACCENT_COLOR_NAME = AccentColor;
				CODE_SIGN_STYLE = Automatic;
				CURRENT_PROJECT_VERSION = 1;
				DEVELOPMENT_ASSET_PATHS = "\"SwiftUI-Mastery/Preview Content\"";
				DEVELOPMENT_TEAM = JJLT2B4CYC;
				ENABLE_PREVIEWS = YES;
				GENERATE_INFOPLIST_FILE = YES;
				INFOPLIST_KEY_UIApplicationSceneManifest_Generation = YES;
				INFOPLIST_KEY_UIApplicationSupportsIndirectInputEvents = YES;
				INFOPLIST_KEY_UILaunchScreen_Generation = YES;
				INFOPLIST_KEY_UISupportedInterfaceOrientations = UIInterfaceOrientationPortrait;
				LD_RUNPATH_SEARCH_PATHS = (
					"$(inherited)",
					"@executable_path/Frameworks",
				);
				MARKETING_VERSION = 1.0;
				PRODUCT_BUNDLE_IDENTIFIER = "ayazrafai90-gmail.com.SwiftUI-Mastery";
				PRODUCT_NAME = "$(TARGET_NAME)";
				SUPPORTED_PLATFORMS = "iphoneos iphonesimulator";
				SUPPORTS_MACCATALYST = NO;
				SUPPORTS_MAC_DESIGNED_FOR_IPHONE_IPAD = NO;
				SUPPORTS_XR_DESIGNED_FOR_IPHONE_IPAD = NO;
				SWIFT_EMIT_LOC_STRINGS = YES;
				SWIFT_VERSION = 5.0;
				TARGETED_DEVICE_FAMILY = 1;
			};
			name = Release;
		};
/* End XCBuildConfiguration section */

/* Begin XCConfigurationList section */
		D7163D312C6BB63B002FFC77 /* Build configuration list for PBXProject "SwiftUI-Mastery" */ = {
			isa = XCConfigurationList;
			buildConfigurations = (
				D7163D422C6BB63C002FFC77 /* Debug */,
				D7163D432C6BB63C002FFC77 /* Release */,
			);
			defaultConfigurationIsVisible = 0;
			defaultConfigurationName = Release;
		};
		D7163D442C6BB63C002FFC77 /* Build configuration list for PBXNativeTarget "SwiftUI-Mastery" */ = {
			isa = XCConfigurationList;
			buildConfigurations = (
				D7163D452C6BB63C002FFC77 /* Debug */,
				D7163D462C6BB63C002FFC77 /* Release */,
			);
			defaultConfigurationIsVisible = 0;
			defaultConfigurationName = Release;
		};
/* End XCConfigurationList section */
	};
	rootObject = D7163D2E2C6BB63B002FFC77 /* Project object */;
}
